
Microsoft Visual Studio Solution File, Format Version 12.00
# Visual Studio Version 17
VisualStudioVersion = 17.4.33213.308
MinimumVisualStudioVersion = 10.0.40219.1
Project("{FAE04EC0-301F-11D3-BF4B-00C04F79EFBC}") = "ThreadingPractice", "ThreadingPractice\ThreadingPractice.csproj", "{49931732-0215-4A07-8242-E79190BCA996}"
EndProject
Global
	GlobalSection(SolutionConfigurationPlatforms) = preSolution
		Debug|Any CPU = Debug|Any CPU
		Release|Any CPU = Release|Any CPU
	EndGlobalSection
	GlobalSection(ProjectConfigurationPlatforms) = postSolution
		{49931732-0215-4A07-8242-E79190BCA996}.Debug|Any CPU.ActiveCfg = Debug|Any CPU
		{49931732-0215-4A07-8242-E79190BCA996}.Debug|Any CPU.Build.0 = Debug|Any CPU
		{49931732-0215-4A07-8242-E79190BCA996}.Release|Any CPU.ActiveCfg = Release|Any CPU
		{49931732-0215-4A07-8242-E79190BCA996}.Release|Any CPU.Build.0 = Release|Any CPU
	EndGlobalSection
	GlobalSection(SolutionProperties) = preSolution
		HideSolutionNode = FALSE
	EndGlobalSection
	GlobalSection(ExtensibilityGlobals) = postSolution
		SolutionGuid = {FD853F57-5B73-4BC7-A4FE-B5BE05380DA7}
	EndGlobalSection
EndGlobal
